
Microsoft Visual Studio Solution File, Format Version 12.00
# Visual Studio 15
VisualStudioVersion = 15.0.27428.2043
MinimumVisualStudioVersion = 10.0.40219.1
Project("{FAE04EC0-301F-11D3-BF4B-00C04F79EFBC}") = "SensorTest", "SensorTest\SensorTest.csproj", "{F8A8EFB7-4E0A-4EE1-A089-7774555B0782}"
EndProject
Global
	GlobalSection(SolutionConfigurationPlatforms) = preSolution
		Debug|Any CPU = Debug|Any CPU
		Release|Any CPU = Release|Any CPU
	EndGlobalSection
	GlobalSection(ProjectConfigurationPlatforms) = postSolution
		{F8A8EFB7-4E0A-4EE1-A089-7774555B0782}.Debug|Any CPU.ActiveCfg = Debug|Any CPU
		{F8A8EFB7-4E0A-4EE1-A089-7774555B0782}.Debug|Any CPU.Build.0 = Debug|Any CPU
		{F8A8EFB7-4E0A-4EE1-A089-7774555B0782}.Release|Any CPU.ActiveCfg = Release|Any CPU
		{F8A8EFB7-4E0A-4EE1-A089-7774555B0782}.Release|Any CPU.Build.0 = Release|Any CPU
	EndGlobalSection
	GlobalSection(SolutionProperties) = preSolution
		HideSolutionNode = FALSE
	EndGlobalSection
	GlobalSection(ExtensibilityGlobals) = postSolution
		SolutionGuid = {72885675-277B-4BEC-A83B-7AA2F36FCDA8}
	EndGlobalSection
EndGlobal
